# This file is automatically @generated by Cargo.
# It is not intended for manual editing.
version = 4

[[package]]
name = "modu"
version = "0.1.0"
dependencies = [
 "modu_ecs",
 "modu_math",
]

[[package]]
name = "modu_ecs"
version = "0.1.0"

[[package]]
name = "modu_math"
version = "0.1.0"

[[package]]
name = "sandbox"
version = "0.1.0"
dependencies = [
 "modu",
]
